
Microsoft Visual Studio Solution File, Format Version 12.00
# Visual Studio Version 17
VisualStudioVersion = 17.6.33829.357
MinimumVisualStudioVersion = 10.0.40219.1
Project("{FAE04EC0-301F-11D3-BF4B-00C04F79EFBC}") = "88.Merge.Sorted.Array", "88.Merge.Sorted.Array\88.Merge.Sorted.Array.csproj", "{C342A952-C5B7-4AD4-BFAB-A830E240109E}"
EndProject
Global
	GlobalSection(SolutionConfigurationPlatforms) = preSolution
		Debug|Any CPU = Debug|Any CPU
		Release|Any CPU = Release|Any CPU
	EndGlobalSection
	GlobalSection(ProjectConfigurationPlatforms) = postSolution
		{C342A952-C5B7-4AD4-BFAB-A830E240109E}.Debug|Any CPU.ActiveCfg = Debug|Any CPU
		{C342A952-C5B7-4AD4-BFAB-A830E240109E}.Debug|Any CPU.Build.0 = Debug|Any CPU
		{C342A952-C5B7-4AD4-BFAB-A830E240109E}.Release|Any CPU.ActiveCfg = Release|Any CPU
		{C342A952-C5B7-4AD4-BFAB-A830E240109E}.Release|Any CPU.Build.0 = Release|Any CPU
	EndGlobalSection
	GlobalSection(SolutionProperties) = preSolution
		HideSolutionNode = FALSE
	EndGlobalSection
	GlobalSection(ExtensibilityGlobals) = postSolution
		SolutionGuid = {EE35F54D-BAD0-43FC-B0D2-DA575C063095}
	EndGlobalSection
EndGlobal
